
Microsoft Visual Studio Solution File, Format Version 12.00
# Visual Studio 15
VisualStudioVersion = 15.0.27703.2035
MinimumVisualStudioVersion = 10.0.40219.1
Project("{9A19103F-16F7-4668-BE54-9A1E7A4F7556}") = "Conversion de Decimal", "Conversion de Decimal\Conversion de Decimal.csproj", "{B98191C4-1ACD-4D66-8AF8-FCF69A2D91FF}"
EndProject
Global
	GlobalSection(SolutionConfigurationPlatforms) = preSolution
		Debug|Any CPU = Debug|Any CPU
		Release|Any CPU = Release|Any CPU
	EndGlobalSection
	GlobalSection(ProjectConfigurationPlatforms) = postSolution
		{B98191C4-1ACD-4D66-8AF8-FCF69A2D91FF}.Debug|Any CPU.ActiveCfg = Debug|Any CPU
		{B98191C4-1ACD-4D66-8AF8-FCF69A2D91FF}.Debug|Any CPU.Build.0 = Debug|Any CPU
		{B98191C4-1ACD-4D66-8AF8-FCF69A2D91FF}.Release|Any CPU.ActiveCfg = Release|Any CPU
		{B98191C4-1ACD-4D66-8AF8-FCF69A2D91FF}.Release|Any CPU.Build.0 = Release|Any CPU
	EndGlobalSection
	GlobalSection(SolutionProperties) = preSolution
		HideSolutionNode = FALSE
	EndGlobalSection
	GlobalSection(ExtensibilityGlobals) = postSolution
		SolutionGuid = {79B9C6EB-DDE1-43FD-8A2A-241D7A3EB59C}
	EndGlobalSection
EndGlobal
